// !$*UTF8*$!
{
	archiveVersion = 1;
	classes = {
	};
	objectVersion = 46;
	objects = {

/* Begin PBXBuildFile section */
		119D10CD1F152ECD0091EBD9 /* SudokuViewController.m in Sources */ = {isa = PBXBuildFile; fileRef = 119D10CC1F152ECD0091EBD9 /* SudokuViewController.m */; };
		119D10D01F152F440091EBD9 /* Sudoku.m in Sources */ = {isa = PBXBuildFile; fileRef = 119D10CF1F152F440091EBD9 /* Sudoku.m */; };
		119D10D51F1532B20091EBD9 /* debug.sudoku in Resources */ = {isa = PBXBuildFile; fileRef = 119D10D11F1532B20091EBD9 /* debug.sudoku */; };
		119D10D61F1532B20091EBD9 /* error.sudoku in Resources */ = {isa = PBXBuildFile; fileRef = 119D10D21F1532B20091EBD9 /* error.sudoku */; };
		119D10D71F1532B20091EBD9 /* l33t.sudoku in Resources */ = {isa = PBXBuildFile; fileRef = 119D10D31F1532B20091EBD9 /* l33t.sudoku */; };
		119D10D81F1532B20091EBD9 /* n00b.sudoku in Resources */ = {isa = PBXBuildFile; fileRef = 119D10D41F1532B20091EBD9 /* n00b.sudoku */; };
		11D1CBEC1F1415DE002D3B30 /* main.m in Sources */ = {isa = PBXBuildFile; fileRef = 11D1CBEB1F1415DE002D3B30 /* main.m */; };
		11D1CBEF1F1415DE002D3B30 /* AppDelegate.m in Sources */ = {isa = PBXBuildFile; fileRef = 11D1CBEE1F1415DE002D3B30 /* AppDelegate.m */; };
		11D1CBF51F1415DE002D3B30 /* Main.storyboard in Resources */ = {isa = PBXBuildFile; fileRef = 11D1CBF31F1415DE002D3B30 /* Main.storyboard */; };
		11D1CBF71F1415DE002D3B30 /* Assets.xcassets in Resources */ = {isa = PBXBuildFile; fileRef = 11D1CBF61F1415DE002D3B30 /* Assets.xcassets */; };
		11D1CBFA1F1415DE002D3B30 /* LaunchScreen.storyboard in Resources */ = {isa = PBXBuildFile; fileRef = 11D1CBF81F1415DE002D3B30 /* LaunchScreen.storyboard */; };
		11D1CC051F1415DE002D3B30 /* ShadowSudokuTests.m in Sources */ = {isa = PBXBuildFile; fileRef = 11D1CC041F1415DE002D3B30 /* ShadowSudokuTests.m */; };
		11D1CC101F1415DE002D3B30 /* ShadowSudokuUITests.m in Sources */ = {isa = PBXBuildFile; fileRef = 11D1CC0F1F1415DE002D3B30 /* ShadowSudokuUITests.m */; };
/* End PBXBuildFile section */

/* Begin PBXContainerItemProxy section */
		11D1CC011F1415DE002D3B30 /* PBXContainerItemProxy */ = {
			isa = PBXContainerItemProxy;
			containerPortal = 11D1CBDF1F1415DE002D3B30 /* Project object */;
			proxyType = 1;
			remoteGlobalIDString = 11D1CBE61F1415DE002D3B30;
			remoteInfo = ShadowSudoku;
		};
		11D1CC0C1F1415DE002D3B30 /* PBXContainerItemProxy */ = {
			isa = PBXContainerItemProxy;
			containerPortal = 11D1CBDF1F1415DE002D3B30 /* Project object */;
			proxyType = 1;
			remoteGlobalIDString = 11D1CBE61F1415DE002D3B30;
			remoteInfo = ShadowSudoku;
		};
/* End PBXContainerItemProxy section */

/* Begin PBXFileReference section */
		119D10CB1F152ECD0091EBD9 /* SudokuViewController.h */ = {isa = PBXFileReference; fileEncoding = 4; lastKnownFileType = sourcecode.c.h; name = SudokuViewController.h; path = ../SudokuViewController.h; sourceTree = "<group>"; };
		119D10CC1F152ECD0091EBD9 /* SudokuViewController.m */ = {isa = PBXFileReference; fileEncoding = 4; lastKnownFileType = sourcecode.c.objc; name = SudokuViewController.m; path = ../SudokuViewController.m; sourceTree = "<group>"; };
		119D10CE1F152F440091EBD9 /* Sudoku.h */ = {isa = PBXFileReference; fileEncoding = 4; lastKnownFileType = sourcecode.c.h; path = Sudoku.h; sourceTree = "<group>"; };
		119D10CF1F152F440091EBD9 /* Sudoku.m */ = {isa = PBXFileReference; fileEncoding = 4; lastKnownFileType = sourcecode.c.objc; path = Sudoku.m; sourceTree = "<group>"; };
		119D10D11F1532B20091EBD9 /* debug.sudoku */ = {isa = PBXFileReference; fileEncoding = 4; lastKnownFileType = text; path = debug.sudoku; sourceTree = "<group>"; };
		119D10D21F1532B20091EBD9 /* error.sudoku */ = {isa = PBXFileReference; fileEncoding = 4; lastKnownFileType = text; path = error.sudoku; sourceTree = "<group>"; };
		119D10D31F1532B20091EBD9 /* l33t.sudoku */ = {isa = PBXFileReference; fileEncoding = 4; lastKnownFileType = text; path = l33t.sudoku; sourceTree = "<group>"; };
		119D10D41F1532B20091EBD9 /* n00b.sudoku */ = {isa = PBXFileReference; fileEncoding = 4; lastKnownFileType = text; path = n00b.sudoku; sourceTree = "<group>"; };
		11D1CBE71F1415DE002D3B30 /* ShadowSudoku.app */ = {isa = PBXFileReference; explicitFileType = wrapper.application; includeInIndex = 0; path = ShadowSudoku.app; sourceTree = BUILT_PRODUCTS_DIR; };
		11D1CBEB1F1415DE002D3B30 /* main.m */ = {isa = PBXFileReference; lastKnownFileType = sourcecode.c.objc; path = main.m; sourceTree = "<group>"; };
		11D1CBED1F1415DE002D3B30 /* AppDelegate.h */ = {isa = PBXFileReference; lastKnownFileType = sourcecode.c.h; path = AppDelegate.h; sourceTree = "<group>"; };
		11D1CBEE1F1415DE002D3B30 /* AppDelegate.m */ = {isa = PBXFileReference; lastKnownFileType = sourcecode.c.objc; path = AppDelegate.m; sourceTree = "<group>"; };
		11D1CBF41F1415DE002D3B30 /* Base */ = {isa = PBXFileReference; lastKnownFileType = file.storyboard; name = Base; path = Base.lproj/Main.storyboard; sourceTree = "<group>"; };
		11D1CBF61F1415DE002D3B30 /* Assets.xcassets */ = {isa = PBXFileReference; lastKnownFileType = folder.assetcatalog; path = Assets.xcassets; sourceTree = "<group>"; };
		11D1CBF91F1415DE002D3B30 /* Base */ = {isa = PBXFileReference; lastKnownFileType = file.storyboard; name = Base; path = Base.lproj/LaunchScreen.storyboard; sourceTree = "<group>"; };
		11D1CBFB1F1415DE002D3B30 /* Info.plist */ = {isa = PBXFileReference; lastKnownFileType = text.plist.xml; path = Info.plist; sourceTree = "<group>"; };
		11D1CC001F1415DE002D3B30 /* ShadowSudokuTests.xctest */ = {isa = PBXFileReference; explicitFileType = wrapper.cfbundle; includeInIndex = 0; path = ShadowSudokuTests.xctest; sourceTree = BUILT_PRODUCTS_DIR; };
		11D1CC041F1415DE002D3B30 /* ShadowSudokuTests.m */ = {isa = PBXFileReference; lastKnownFileType = sourcecode.c.objc; path = ShadowSudokuTests.m; sourceTree = "<group>"; };
		11D1CC061F1415DE002D3B30 /* Info.plist */ = {isa = PBXFileReference; lastKnownFileType = text.plist.xml; path = Info.plist; sourceTree = "<group>"; };
		11D1CC0B1F1415DE002D3B30 /* ShadowSudokuUITests.xctest */ = {isa = PBXFileReference; explicitFileType = wrapper.cfbundle; includeInIndex = 0; path = ShadowSudokuUITests.xctest; sourceTree = BUILT_PRODUCTS_DIR; };
		11D1CC0F1F1415DE002D3B30 /* ShadowSudokuUITests.m */ = {isa = PBXFileReference; lastKnownFileType = sourcecode.c.objc; path = ShadowSudokuUITests.m; sourceTree = "<group>"; };
		11D1CC111F1415DE002D3B30 /* Info.plist */ = {isa = PBXFileReference; lastKnownFileType = text.plist.xml; path = Info.plist; sourceTree = "<group>"; };
/* End PBXFileReference section */

/* Begin PBXFrameworksBuildPhase section */
		11D1CBE41F1415DE002D3B30 /* Frameworks */ = {
			isa = PBXFrameworksBuildPhase;
			buildActionMask = 2147483647;
			files = (
			);
			runOnlyForDeploymentPostprocessing = 0;
		};
		11D1CBFD1F1415DE002D3B30 /* Frameworks */ = {
			isa = PBXFrameworksBuildPhase;
			buildActionMask = 2147483647;
			files = (
			);
			runOnlyForDeploymentPostprocessing = 0;
		};
		11D1CC081F1415DE002D3B30 /* Frameworks */ = {
			isa = PBXFrameworksBuildPhase;
			buildActionMask = 2147483647;
			files = (
			);
			runOnlyForDeploymentPostprocessing = 0;
		};
/* End PBXFrameworksBuildPhase section */

/* Begin PBXGroup section */
		11D1CBDE1F1415DE002D3B30 = {
			isa = PBXGroup;
			children = (
				11D1CBE91F1415DE002D3B30 /* ShadowSudoku */,
				11D1CC031F1415DE002D3B30 /* ShadowSudokuTests */,
				11D1CC0E1F1415DE002D3B30 /* ShadowSudokuUITests */,
				11D1CBE81F1415DE002D3B30 /* Products */,
			);
			sourceTree = "<group>";
		};
		11D1CBE81F1415DE002D3B30 /* Products */ = {
			isa = PBXGroup;
			children = (
				11D1CBE71F1415DE002D3B30 /* ShadowSudoku.app */,
				11D1CC001F1415DE002D3B30 /* ShadowSudokuTests.xctest */,
				11D1CC0B1F1415DE002D3B30 /* ShadowSudokuUITests.xctest */,
			);
			name = Products;
			sourceTree = "<group>";
		};
		11D1CBE91F1415DE002D3B30 /* ShadowSudoku */ = {
			isa = PBXGroup;
			children = (
				119D10CE1F152F440091EBD9 /* Sudoku.h */,
				119D10CF1F152F440091EBD9 /* Sudoku.m */,
				119D10CB1F152ECD0091EBD9 /* SudokuViewController.h */,
				119D10CC1F152ECD0091EBD9 /* SudokuViewController.m */,
				11D1CBED1F1415DE002D3B30 /* AppDelegate.h */,
				11D1CBEE1F1415DE002D3B30 /* AppDelegate.m */,
				11D1CBF31F1415DE002D3B30 /* Main.storyboard */,
				11D1CBF61F1415DE002D3B30 /* Assets.xcassets */,
				11D1CBF81F1415DE002D3B30 /* LaunchScreen.storyboard */,
				11D1CBFB1F1415DE002D3B30 /* Info.plist */,
				11D1CBEA1F1415DE002D3B30 /* Supporting Files */,
			);
			path = ShadowSudoku;
			sourceTree = "<group>";
		};
		11D1CBEA1F1415DE002D3B30 /* Supporting Files */ = {
			isa = PBXGroup;
			children = (
				119D10D11F1532B20091EBD9 /* debug.sudoku */,
				119D10D21F1532B20091EBD9 /* error.sudoku */,
				119D10D31F1532B20091EBD9 /* l33t.sudoku */,
				119D10D41F1532B20091EBD9 /* n00b.sudoku */,
				11D1CBEB1F1415DE002D3B30 /* main.m */,
			);
			name = "Supporting Files";
			sourceTree = "<group>";
		};
		11D1CC031F1415DE002D3B30 /* ShadowSudokuTests */ = {
			isa = PBXGroup;
			children = (
				11D1CC041F1415DE002D3B30 /* ShadowSudokuTests.m */,
				11D1CC061F1415DE002D3B30 /* Info.plist */,
			);
			path = ShadowSudokuTests;
			sourceTree = "<group>";
		};
		11D1CC0E1F1415DE002D3B30 /* ShadowSudokuUITests */ = {
			isa = PBXGroup;
			children = (
				11D1CC0F1F1415DE002D3B30 /* ShadowSudokuUITests.m */,
				11D1CC111F1415DE002D3B30 /* Info.plist */,
			);
			path = ShadowSudokuUITests;
			sourceTree = "<group>";
		};
/* End PBXGroup section */

/* Begin PBXNativeTarget section */
		11D1CBE61F1415DE002D3B30 /* ShadowSudoku */ = {
			isa = PBXNativeTarget;
			buildConfigurationList = 11D1CC141F1415DE002D3B30 /* Build configuration list for PBXNativeTarget "ShadowSudoku" */;
			buildPhases = (
				11D1CBE31F1415DE002D3B30 /* Sources */,
				11D1CBE41F1415DE002D3B30 /* Frameworks */,
				11D1CBE51F1415DE002D3B30 /* Resources */,
			);
			buildRules = (
			);
			dependencies = (
			);
			name = ShadowSudoku;
			productName = ShadowSudoku;
			productReference = 11D1CBE71F1415DE002D3B30 /* ShadowSudoku.app */;
			productType = "com.apple.product-type.application";
		};
		11D1CBFF1F1415DE002D3B30 /* ShadowSudokuTests */ = {
			isa = PBXNativeTarget;
			buildConfigurationList = 11D1CC171F1415DE002D3B30 /* Build configuration list for PBXNativeTarget "ShadowSudokuTests" */;
			buildPhases = (
				11D1CBFC1F1415DE002D3B30 /* Sources */,
				11D1CBFD1F1415DE002D3B30 /* Frameworks */,
				11D1CBFE1F1415DE002D3B30 /* Resources */,
			);
			buildRules = (
			);
			dependencies = (
				11D1CC021F1415DE002D3B30 /* PBXTargetDependency */,
			);
			name = ShadowSudokuTests;
			productName = ShadowSudokuTests;
			productReference = 11D1CC001F1415DE002D3B30 /* ShadowSudokuTests.xctest */;
			productType = "com.apple.product-type.bundle.unit-test";
		};
		11D1CC0A1F1415DE002D3B30 /* ShadowSudokuUITests */ = {
			isa = PBXNativeTarget;
			buildConfigurationList = 11D1CC1A1F1415DE002D3B30 /* Build configuration list for PBXNativeTarget "ShadowSudokuUITests" */;
			buildPhases = (
				11D1CC071F1415DE002D3B30 /* Sources */,
				11D1CC081F1415DE002D3B30 /* Frameworks */,
				11D1CC091F1415DE002D3B30 /* Resources */,
			);
			buildRules = (
			);
			dependencies = (
				11D1CC0D1F1415DE002D3B30 /* PBXTargetDependency */,
			);
			name = ShadowSudokuUITests;
			productName = ShadowSudokuUITests;
			productReference = 11D1CC0B1F1415DE002D3B30 /* ShadowSudokuUITests.xctest */;
			productType = "com.apple.product-type.bundle.ui-testing";
		};
/* End PBXNativeTarget section */

/* Begin PBXProject section */
		11D1CBDF1F1415DE002D3B30 /* Project object */ = {
			isa = PBXProject;
			attributes = {
				LastUpgradeCheck = 0830;
				ORGANIZATIONNAME = "Adam Felix";
				TargetAttributes = {
					11D1CBE61F1415DE002D3B30 = {
						CreatedOnToolsVersion = 8.3.3;
						ProvisioningStyle = Automatic;
					};
					11D1CBFF1F1415DE002D3B30 = {
						CreatedOnToolsVersion = 8.3.3;
						ProvisioningStyle = Automatic;
						TestTargetID = 11D1CBE61F1415DE002D3B30;
					};
					11D1CC0A1F1415DE002D3B30 = {
						CreatedOnToolsVersion = 8.3.3;
						ProvisioningStyle = Automatic;
						TestTargetID = 11D1CBE61F1415DE002D3B30;
					};
				};
			};
			buildConfigurationList = 11D1CBE21F1415DE002D3B30 /* Build configuration list for PBXProject "ShadowSudoku" */;
			compatibilityVersion = "Xcode 3.2";
			developmentRegion = English;
			hasScannedForEncodings = 0;
			knownRegions = (
				en,
				Base,
			);
			mainGroup = 11D1CBDE1F1415DE002D3B30;
			productRefGroup = 11D1CBE81F1415DE002D3B30 /* Products */;
			projectDirPath = "";
			projectRoot = "";
			targets = (
				11D1CBE61F1415DE002D3B30 /* ShadowSudoku */,
				11D1CBFF1F1415DE002D3B30 /* ShadowSudokuTests */,
				11D1CC0A1F1415DE002D3B30 /* ShadowSudokuUITests */,
			);
		};
/* End PBXProject section */

/* Begin PBXResourcesBuildPhase section */
		11D1CBE51F1415DE002D3B30 /* Resources */ = {
			isa = PBXResourcesBuildPhase;
			buildActionMask = 2147483647;
			files = (
				119D10D71F1532B20091EBD9 /* l33t.sudoku in Resources */,
				119D10D51F1532B20091EBD9 /* debug.sudoku in Resources */,
				11D1CBFA1F1415DE002D3B30 /* LaunchScreen.storyboard in Resources */,
				11D1CBF71F1415DE002D3B30 /* Assets.xcassets in Resources */,
				119D10D81F1532B20091EBD9 /* n00b.sudoku in Resources */,
				119D10D61F1532B20091EBD9 /* error.sudoku in Resources */,
				11D1CBF51F1415DE002D3B30 /* Main.storyboard in Resources */,
			);
			runOnlyForDeploymentPostprocessing = 0;
		};
		11D1CBFE1F1415DE002D3B30 /* Resources */ = {
			isa = PBXResourcesBuildPhase;
			buildActionMask = 2147483647;
			files = (
			);
			runOnlyForDeploymentPostprocessing = 0;
		};
		11D1CC091F1415DE002D3B30 /* Resources */ = {
			isa = PBXResourcesBuildPhase;
			buildActionMask = 2147483647;
			files = (
			);
			runOnlyForDeploymentPostprocessing = 0;
		};
/* End PBXResourcesBuildPhase section */

/* Begin PBXSourcesBuildPhase section */
		11D1CBE31F1415DE002D3B30 /* Sources */ = {
			isa = PBXSourcesBuildPhase;
			buildActionMask = 2147483647;
			files = (
				119D10CD1F152ECD0091EBD9 /* SudokuViewController.m in Sources */,
				11D1CBEF1F1415DE002D3B30 /* AppDelegate.m in Sources */,
				119D10D01F152F440091EBD9 /* Sudoku.m in Sources */,
				11D1CBEC1F1415DE002D3B30 /* main.m in Sources */,
			);
			runOnlyForDeploymentPostprocessing = 0;
		};
		11D1CBFC1F1415DE002D3B30 /* Sources */ = {
			isa = PBXSourcesBuildPhase;
			buildActionMask = 2147483647;
			files = (
				11D1CC051F1415DE002D3B30 /* ShadowSudokuTests.m in Sources */,
			);
			runOnlyForDeploymentPostprocessing = 0;
		};
		11D1CC071F1415DE002D3B30 /* Sources */ = {
			isa = PBXSourcesBuildPhase;
			buildActionMask = 2147483647;
			files = (
				11D1CC101F1415DE002D3B30 /* ShadowSudokuUITests.m in Sources */,
			);
			runOnlyForDeploymentPostprocessing = 0;
		};
/* End PBXSourcesBuildPhase section */

/* Begin PBXTargetDependency section */
		11D1CC021F1415DE002D3B30 /* PBXTargetDependency */ = {
			isa = PBXTargetDependency;
			target = 11D1CBE61F1415DE002D3B30 /* ShadowSudoku */;
			targetProxy = 11D1CC011F1415DE002D3B30 /* PBXContainerItemProxy */;
		};
		11D1CC0D1F1415DE002D3B30 /* PBXTargetDependency */ = {
			isa = PBXTargetDependency;
			target = 11D1CBE61F1415DE002D3B30 /* ShadowSudoku */;
			targetProxy = 11D1CC0C1F1415DE002D3B30 /* PBXContainerItemProxy */;
		};
/* End PBXTargetDependency section */

/* Begin PBXVariantGroup section */
		11D1CBF31F1415DE002D3B30 /* Main.storyboard */ = {
			isa = PBXVariantGroup;
			children = (
				11D1CBF41F1415DE002D3B30 /* Base */,
			);
			name = Main.storyboard;
			sourceTree = "<group>";
		};
		11D1CBF81F1415DE002D3B30 /* LaunchScreen.storyboard */ = {
			isa = PBXVariantGroup;
			children = (
				11D1CBF91F1415DE002D3B30 /* Base */,
			);
			name = LaunchScreen.storyboard;
			sourceTree = "<group>";
		};
/* End PBXVariantGroup section */

/* Begin XCBuildConfiguration section */
		11D1CC121F1415DE002D3B30 /* Debug */ = {
			isa = XCBuildConfiguration;
			buildSettings = {
				ALWAYS_SEARCH_USER_PATHS = NO;
				CLANG_ANALYZER_NONNULL = YES;
				CLANG_ANALYZER_NUMBER_OBJECT_CONVERSION = YES_AGGRESSIVE;
				CLANG_CXX_LANGUAGE_STANDARD = "gnu++0x";
				CLANG_CXX_LIBRARY = "libc++";
				CLANG_ENABLE_MODULES = YES;
				CLANG_ENABLE_OBJC_ARC = YES;
				CLANG_WARN_BOOL_CONVERSION = YES;
				CLANG_WARN_CONSTANT_CONVERSION = YES;
				CLANG_WARN_DIRECT_OBJC_ISA_USAGE = YES_ERROR;
				CLANG_WARN_DOCUMENTATION_COMMENTS = YES;
				CLANG_WARN_EMPTY_BODY = YES;
				CLANG_WARN_ENUM_CONVERSION = YES;
				CLANG_WARN_INFINITE_RECURSION = YES;
				CLANG_WARN_INT_CONVERSION = YES;
				CLANG_WARN_OBJC_ROOT_CLASS = YES_ERROR;
				CLANG_WARN_SUSPICIOUS_MOVE = YES;
				CLANG_WARN_UNREACHABLE_CODE = YES;
				CLANG_WARN__DUPLICATE_METHOD_MATCH = YES;
				"CODE_SIGN_IDENTITY[sdk=iphoneos*]" = "iPhone Developer";
				COPY_PHASE_STRIP = NO;
				DEBUG_INFORMATION_FORMAT = dwarf;
				ENABLE_STRICT_OBJC_MSGSEND = YES;
				ENABLE_TESTABILITY = YES;
				GCC_C_LANGUAGE_STANDARD = gnu99;
				GCC_DYNAMIC_NO_PIC = NO;
				GCC_NO_COMMON_BLOCKS = YES;
				GCC_OPTIMIZATION_LEVEL = 0;
				GCC_PREPROCESSOR_DEFINITIONS = (
					"DEBUG=1",
					"$(inherited)",
				);
				GCC_WARN_64_TO_32_BIT_CONVERSION = YES;
				GCC_WARN_ABOUT_RETURN_TYPE = YES_ERROR;
				GCC_WARN_UNDECLARED_SELECTOR = YES;
				GCC_WARN_UNINITIALIZED_AUTOS = YES_AGGRESSIVE;
				GCC_WARN_UNUSED_FUNCTION = YES;
				GCC_WARN_UNUSED_VARIABLE = YES;
				IPHONEOS_DEPLOYMENT_TARGET = 10.3;
				MTL_ENABLE_DEBUG_INFO = YES;
				ONLY_ACTIVE_ARCH = YES;
				SDKROOT = iphoneos;
			};
			name = Debug;
		};
		11D1CC131F1415DE002D3B30 /* Release */ = {
			isa = XCBuildConfiguration;
			buildSettings = {
				ALWAYS_SEARCH_USER_PATHS = NO;
				CLANG_ANALYZER_NONNULL = YES;
				CLANG_ANALYZER_NUMBER_OBJECT_CONVERSION = YES_AGGRESSIVE;
				CLANG_CXX_LANGUAGE_STANDARD = "gnu++0x";
				CLANG_CXX_LIBRARY = "libc++";
				CLANG_ENABLE_MODULES = YES;
				CLANG_ENABLE_OBJC_ARC = YES;
				CLANG_WARN_BOOL_CONVERSION = YES;
				CLANG_WARN_CONSTANT_CONVERSION = YES;
				CLANG_WARN_DIRECT_OBJC_ISA_USAGE = YES_ERROR;
				CLANG_WARN_DOCUMENTATION_COMMENTS = YES;
				CLANG_WARN_EMPTY_BODY = YES;
				CLANG_WARN_ENUM_CONVERSION = YES;
				CLANG_WARN_INFINITE_RECURSION = YES;
				CLANG_WARN_INT_CONVERSION = YES;
				CLANG_WARN_OBJC_ROOT_CLASS = YES_ERROR;
				CLANG_WARN_SUSPICIOUS_MOVE = YES;
				CLANG_WARN_UNREACHABLE_CODE = YES;
				CLANG_WARN__DUPLICATE_METHOD_MATCH = YES;
				"CODE_SIGN_IDENTITY[sdk=iphoneos*]" = "iPhone Developer";
				COPY_PHASE_STRIP = NO;
				DEBUG_INFORMATION_FORMAT = "dwarf-with-dsym";
				ENABLE_NS_ASSERTIONS = NO;
				ENABLE_STRICT_OBJC_MSGSEND = YES;
				GCC_C_LANGUAGE_STANDARD = gnu99;
				GCC_NO_COMMON_BLOCKS = YES;
				GCC_WARN_64_TO_32_BIT_CONVERSION = YES;
				GCC_WARN_ABOUT_RETURN_TYPE = YES_ERROR;
				GCC_WARN_UNDECLARED_SELECTOR = YES;
				GCC_WARN_UNINITIALIZED_AUTOS = YES_AGGRESSIVE;
				GCC_WARN_UNUSED_FUNCTION = YES;
				GCC_WARN_UNUSED_VARIABLE = YES;
				IPHONEOS_DEPLOYMENT_TARGET = 10.3;
				MTL_ENABLE_DEBUG_INFO = NO;
				SDKROOT = iphoneos;
				VALIDATE_PRODUCT = YES;
			};
			name = Release;
		};
		11D1CC151F1415DE002D3B30 /* Debug */ = {
			isa = XCBuildConfiguration;
			buildSettings = {
				ASSETCATALOG_COMPILER_APPICON_NAME = AppIcon;
				INFOPLIST_FILE = ShadowSudoku/Info.plist;
				LD_RUNPATH_SEARCH_PATHS = "$(inherited) @executable_path/Frameworks";
				PRODUCT_BUNDLE_IDENTIFIER = com.adamfelix.ShadowSudoku;
				PRODUCT_NAME = "$(TARGET_NAME)";
			};
			name = Debug;
		};
		11D1CC161F1415DE002D3B30 /* Release */ = {
			isa = XCBuildConfiguration;
			buildSettings = {
				ASSETCATALOG_COMPILER_APPICON_NAME = AppIcon;
				INFOPLIST_FILE = ShadowSudoku/Info.plist;
				LD_RUNPATH_SEARCH_PATHS = "$(inherited) @executable_path/Frameworks";
				PRODUCT_BUNDLE_IDENTIFIER = com.adamfelix.ShadowSudoku;
				PRODUCT_NAME = "$(TARGET_NAME)";
			};
			name = Release;
		};
		11D1CC181F1415DE002D3B30 /* Debug */ = {
			isa = XCBuildConfiguration;
			buildSettings = {
				BUNDLE_LOADER = "$(TEST_HOST)";
				INFOPLIST_FILE = ShadowSudokuTests/Info.plist;
				LD_RUNPATH_SEARCH_PATHS = "$(inherited) @executable_path/Frameworks @loader_path/Frameworks";
				PRODUCT_BUNDLE_IDENTIFIER = com.adamfelix.ShadowSudokuTests;
				PRODUCT_NAME = "$(TARGET_NAME)";
				TEST_HOST = "$(BUILT_PRODUCTS_DIR)/ShadowSudoku.app/ShadowSudoku";
			};
			name = Debug;
		};
		11D1CC191F1415DE002D3B30 /* Release */ = {
			isa = XCBuildConfiguration;
			buildSettings = {
				BUNDLE_LOADER = "$(TEST_HOST)";
				INFOPLIST_FILE = ShadowSudokuTests/Info.plist;
				LD_RUNPATH_SEARCH_PATHS = "$(inherited) @executable_path/Frameworks @loader_path/Frameworks";
				PRODUCT_BUNDLE_IDENTIFIER = com.adamfelix.ShadowSudokuTests;
				PRODUCT_NAME = "$(TARGET_NAME)";
				TEST_HOST = "$(BUILT_PRODUCTS_DIR)/ShadowSudoku.app/ShadowSudoku";
			};
			name = Release;
		};
		11D1CC1B1F1415DE002D3B30 /* Debug */ = {
			isa = XCBuildConfiguration;
			buildSettings = {
				INFOPLIST_FILE = ShadowSudokuUITests/Info.plist;
				LD_RUNPATH_SEARCH_PATHS = "$(inherited) @executable_path/Frameworks @loader_path/Frameworks";
				PRODUCT_BUNDLE_IDENTIFIER = com.adamfelix.ShadowSudokuUITests;
				PRODUCT_NAME = "$(TARGET_NAME)";
				TEST_TARGET_NAME = ShadowSudoku;
			};
			name = Debug;
		};
		11D1CC1C1F1415DE002D3B30 /* Release */ = {
			isa = XCBuildConfiguration;
			buildSettings = {
				INFOPLIST_FILE = ShadowSudokuUITests/Info.plist;
				LD_RUNPATH_SEARCH_PATHS = "$(inherited) @executable_path/Frameworks @loader_path/Frameworks";
				PRODUCT_BUNDLE_IDENTIFIER = com.adamfelix.ShadowSudokuUITests;
				PRODUCT_NAME = "$(TARGET_NAME)";
				TEST_TARGET_NAME = ShadowSudoku;
			};
			name = Release;
		};
/* End XCBuildConfiguration section */

/* Begin XCConfigurationList section */
		11D1CBE21F1415DE002D3B30 /* Build configuration list for PBXProject "ShadowSudoku" */ = {
			isa = XCConfigurationList;
			buildConfigurations = (
				11D1CC121F1415DE002D3B30 /* Debug */,
				11D1CC131F1415DE002D3B30 /* Release */,
			);
			defaultConfigurationIsVisible = 0;
			defaultConfigurationName = Release;
		};
		11D1CC141F1415DE002D3B30 /* Build configuration list for PBXNativeTarget "ShadowSudoku" */ = {
			isa = XCConfigurationList;
			buildConfigurations = (
				11D1CC151F1415DE002D3B30 /* Debug */,
				11D1CC161F1415DE002D3B30 /* Release */,
			);
			defaultConfigurationIsVisible = 0;
			defaultConfigurationName = Release;
		};
		11D1CC171F1415DE002D3B30 /* Build configuration list for PBXNativeTarget "ShadowSudokuTests" */ = {
			isa = XCConfigurationList;
			buildConfigurations = (
				11D1CC181F1415DE002D3B30 /* Debug */,
				11D1CC191F1415DE002D3B30 /* Release */,
			);
			defaultConfigurationIsVisible = 0;
			defaultConfigurationName = Release;
		};
		11D1CC1A1F1415DE002D3B30 /* Build configuration list for PBXNativeTarget "ShadowSudokuUITests" */ = {
			isa = XCConfigurationList;
			buildConfigurations = (
				11D1CC1B1F1415DE002D3B30 /* Debug */,
				11D1CC1C1F1415DE002D3B30 /* Release */,
			);
			defaultConfigurationIsVisible = 0;
			defaultConfigurationName = Release;
		};
/* End XCConfigurationList section */
	};
	rootObject = 11D1CBDF1F1415DE002D3B30 /* Project object */;
}
